
Microsoft Visual Studio Solution File, Format Version 12.00
# Visual Studio 15
VisualStudioVersion = 15.0.27703.2035
MinimumVisualStudioVersion = 10.0.40219.1
Project("{FAE04EC0-301F-11D3-BF4B-00C04F79EFBC}") = "Adminapp", "Adminapp\Adminapp.csproj", "{A24873C7-E81F-4FE3-85A8-B7283944D428}"
EndProject
Project("{FAE04EC0-301F-11D3-BF4B-00C04F79EFBC}") = "ClientApp", "ClientApp\ClientApp.csproj", "{4335F9E1-410D-48D1-85D1-95DFA7A3A89C}"
EndProject
Global
	GlobalSection(SolutionConfigurationPlatforms) = preSolution
		Debug|Any CPU = Debug|Any CPU
		Release|Any CPU = Release|Any CPU
	EndGlobalSection
	GlobalSection(ProjectConfigurationPlatforms) = postSolution
		{A24873C7-E81F-4FE3-85A8-B7283944D428}.Debug|Any CPU.ActiveCfg = Debug|Any CPU
		{A24873C7-E81F-4FE3-85A8-B7283944D428}.Debug|Any CPU.Build.0 = Debug|Any CPU
		{A24873C7-E81F-4FE3-85A8-B7283944D428}.Release|Any CPU.ActiveCfg = Release|Any CPU
		{A24873C7-E81F-4FE3-85A8-B7283944D428}.Release|Any CPU.Build.0 = Release|Any CPU
		{4335F9E1-410D-48D1-85D1-95DFA7A3A89C}.Debug|Any CPU.ActiveCfg = Debug|Any CPU
		{4335F9E1-410D-48D1-85D1-95DFA7A3A89C}.Debug|Any CPU.Build.0 = Debug|Any CPU
		{4335F9E1-410D-48D1-85D1-95DFA7A3A89C}.Release|Any CPU.ActiveCfg = Release|Any CPU
		{4335F9E1-410D-48D1-85D1-95DFA7A3A89C}.Release|Any CPU.Build.0 = Release|Any CPU
	EndGlobalSection
	GlobalSection(SolutionProperties) = preSolution
		HideSolutionNode = FALSE
	EndGlobalSection
	GlobalSection(ExtensibilityGlobals) = postSolution
		SolutionGuid = {3A4F84FF-5271-41F8-B745-354F206A6C7A}
	EndGlobalSection
EndGlobal
